// !$*UTF8*$!
{
	archiveVersion = 1;
	classes = {
	};
	objectVersion = 46;
	objects = {

/* Begin PBXBuildFile section */
		91C357EF1E4D7491003565EB /* OneSignal.m in Sources */ = {isa = PBXBuildFile; fileRef = 91C357D11E4D7491003565EB /* OneSignal.m */; };
		91C357F01E4D7491003565EB /* OneSignalAlertViewDelegate.m in Sources */ = {isa = PBXBuildFile; fileRef = 91C357D31E4D7491003565EB /* OneSignalAlertViewDelegate.m */; };
		91C357F11E4D7491003565EB /* OneSignalHelper.m in Sources */ = {isa = PBXBuildFile; fileRef = 91C357D51E4D7491003565EB /* OneSignalHelper.m */; };
		91C357F21E4D7491003565EB /* OneSignalHTTPClient.m in Sources */ = {isa = PBXBuildFile; fileRef = 91C357D71E4D7491003565EB /* OneSignalHTTPClient.m */; };
		91C357F31E4D7491003565EB /* OneSignalLocation.m in Sources */ = {isa = PBXBuildFile; fileRef = 91C357D91E4D7491003565EB /* OneSignalLocation.m */; };
		91C357F41E4D7491003565EB /* OneSignalSelectorHelpers.m in Sources */ = {isa = PBXBuildFile; fileRef = 91C357DB1E4D7491003565EB /* OneSignalSelectorHelpers.m */; };
		91C357F51E4D7491003565EB /* OneSignalTrackIAP.m in Sources */ = {isa = PBXBuildFile; fileRef = 91C357DD1E4D7491003565EB /* OneSignalTrackIAP.m */; };
		91C357F61E4D7491003565EB /* UIApplicationDelegate+OneSignal.m in Sources */ = {isa = PBXBuildFile; fileRef = 91C357DF1E4D7491003565EB /* UIApplicationDelegate+OneSignal.m */; };
		91C357F71E4D7491003565EB /* UNUserNotificationCenter+OneSignal.m in Sources */ = {isa = PBXBuildFile; fileRef = 91C357E11E4D7491003565EB /* UNUserNotificationCenter+OneSignal.m */; };
		91C357F81E4D7491003565EB /* OneSignalJailbreakDetection.m in Sources */ = {isa = PBXBuildFile; fileRef = 91C357E41E4D7491003565EB /* OneSignalJailbreakDetection.m */; };
		91C357F91E4D7491003565EB /* OneSignalMobileProvision.m in Sources */ = {isa = PBXBuildFile; fileRef = 91C357E71E4D7491003565EB /* OneSignalMobileProvision.m */; };
		91C357FA1E4D7491003565EB /* OneSignalReachability.m in Sources */ = {isa = PBXBuildFile; fileRef = 91C357EA1E4D7491003565EB /* OneSignalReachability.m */; };
		91C357FB1E4D7491003565EB /* OneSignalTracker.m in Sources */ = {isa = PBXBuildFile; fileRef = 91C357EC1E4D7491003565EB /* OneSignalTracker.m */; };
		91C357FC1E4D7491003565EB /* OneSignalWebView.m in Sources */ = {isa = PBXBuildFile; fileRef = 91C357EE1E4D7491003565EB /* OneSignalWebView.m */; };
		FD2CCC851C772B4200B2B24E /* SystemConfiguration.framework in Frameworks */ = {isa = PBXBuildFile; fileRef = FD2CCC841C772B4200B2B24E /* SystemConfiguration.framework */; };
		FDB40CC41C5E4E5500CBF09B /* RCTOneSignal.m in Sources */ = {isa = PBXBuildFile; fileRef = FDB40CC31C5E4E5500CBF09B /* RCTOneSignal.m */; };
/* End PBXBuildFile section */

/* Begin PBXCopyFilesBuildPhase section */
		3245CDEB1BFEE35C00EABF68 /* CopyFiles */ = {
			isa = PBXCopyFilesBuildPhase;
			buildActionMask = 2147483647;
			dstPath = "include/$(PRODUCT_NAME)";
			dstSubfolderSpec = 16;
			files = (
			);
			runOnlyForDeploymentPostprocessing = 0;
		};
/* End PBXCopyFilesBuildPhase section */

/* Begin PBXFileReference section */
		3245CDED1BFEE35C00EABF68 /* libRCTOneSignal.a */ = {isa = PBXFileReference; explicitFileType = archive.ar; includeInIndex = 0; path = libRCTOneSignal.a; sourceTree = BUILT_PRODUCTS_DIR; };
		91C357CF1E4D7491003565EB /* OneSignal-Prefix.pch */ = {isa = PBXFileReference; fileEncoding = 4; lastKnownFileType = sourcecode.c.h; path = "OneSignal-Prefix.pch"; sourceTree = "<group>"; };
		91C357D01E4D7491003565EB /* OneSignal.h */ = {isa = PBXFileReference; fileEncoding = 4; lastKnownFileType = sourcecode.c.h; path = OneSignal.h; sourceTree = "<group>"; };
		91C357D11E4D7491003565EB /* OneSignal.m */ = {isa = PBXFileReference; fileEncoding = 4; lastKnownFileType = sourcecode.c.objc; path = OneSignal.m; sourceTree = "<group>"; };
		91C357D21E4D7491003565EB /* OneSignalAlertViewDelegate.h */ = {isa = PBXFileReference; fileEncoding = 4; lastKnownFileType = sourcecode.c.h; path = OneSignalAlertViewDelegate.h; sourceTree = "<group>"; };
		91C357D31E4D7491003565EB /* OneSignalAlertViewDelegate.m */ = {isa = PBXFileReference; fileEncoding = 4; lastKnownFileType = sourcecode.c.objc; path = OneSignalAlertViewDelegate.m; sourceTree = "<group>"; };
		91C357D41E4D7491003565EB /* OneSignalHelper.h */ = {isa = PBXFileReference; fileEncoding = 4; lastKnownFileType = sourcecode.c.h; path = OneSignalHelper.h; sourceTree = "<group>"; };
		91C357D51E4D7491003565EB /* OneSignalHelper.m */ = {isa = PBXFileReference; fileEncoding = 4; lastKnownFileType = sourcecode.c.objc; path = OneSignalHelper.m; sourceTree = "<group>"; };
		91C357D61E4D7491003565EB /* OneSignalHTTPClient.h */ = {isa = PBXFileReference; fileEncoding = 4; lastKnownFileType = sourcecode.c.h; path = OneSignalHTTPClient.h; sourceTree = "<group>"; };
		91C357D71E4D7491003565EB /* OneSignalHTTPClient.m */ = {isa = PBXFileReference; fileEncoding = 4; lastKnownFileType = sourcecode.c.objc; path = OneSignalHTTPClient.m; sourceTree = "<group>"; };
		91C357D81E4D7491003565EB /* OneSignalLocation.h */ = {isa = PBXFileReference; fileEncoding = 4; lastKnownFileType = sourcecode.c.h; path = OneSignalLocation.h; sourceTree = "<group>"; };
		91C357D91E4D7491003565EB /* OneSignalLocation.m */ = {isa = PBXFileReference; fileEncoding = 4; lastKnownFileType = sourcecode.c.objc; path = OneSignalLocation.m; sourceTree = "<group>"; };
		91C357DA1E4D7491003565EB /* OneSignalSelectorHelpers.h */ = {isa = PBXFileReference; fileEncoding = 4; lastKnownFileType = sourcecode.c.h; path = OneSignalSelectorHelpers.h; sourceTree = "<group>"; };
		91C357DB1E4D7491003565EB /* OneSignalSelectorHelpers.m */ = {isa = PBXFileReference; fileEncoding = 4; lastKnownFileType = sourcecode.c.objc; path = OneSignalSelectorHelpers.m; sourceTree = "<group>"; };
		91C357DC1E4D7491003565EB /* OneSignalTrackIAP.h */ = {isa = PBXFileReference; fileEncoding = 4; lastKnownFileType = sourcecode.c.h; path = OneSignalTrackIAP.h; sourceTree = "<group>"; };
		91C357DD1E4D7491003565EB /* OneSignalTrackIAP.m */ = {isa = PBXFileReference; fileEncoding = 4; lastKnownFileType = sourcecode.c.objc; path = OneSignalTrackIAP.m; sourceTree = "<group>"; };
		91C357DE1E4D7491003565EB /* UIApplicationDelegate+OneSignal.h */ = {isa = PBXFileReference; fileEncoding = 4; lastKnownFileType = sourcecode.c.h; path = "UIApplicationDelegate+OneSignal.h"; sourceTree = "<group>"; };
		91C357DF1E4D7491003565EB /* UIApplicationDelegate+OneSignal.m */ = {isa = PBXFileReference; fileEncoding = 4; lastKnownFileType = sourcecode.c.objc; path = "UIApplicationDelegate+OneSignal.m"; sourceTree = "<group>"; };
		91C357E01E4D7491003565EB /* UNUserNotificationCenter+OneSignal.h */ = {isa = PBXFileReference; fileEncoding = 4; lastKnownFileType = sourcecode.c.h; path = "UNUserNotificationCenter+OneSignal.h"; sourceTree = "<group>"; };
		91C357E11E4D7491003565EB /* UNUserNotificationCenter+OneSignal.m */ = {isa = PBXFileReference; fileEncoding = 4; lastKnownFileType = sourcecode.c.objc; path = "UNUserNotificationCenter+OneSignal.m"; sourceTree = "<group>"; };
		91C357E31E4D7491003565EB /* OneSignalJailbreakDetection.h */ = {isa = PBXFileReference; fileEncoding = 4; lastKnownFileType = sourcecode.c.h; path = OneSignalJailbreakDetection.h; sourceTree = "<group>"; };
		91C357E41E4D7491003565EB /* OneSignalJailbreakDetection.m */ = {isa = PBXFileReference; fileEncoding = 4; lastKnownFileType = sourcecode.c.objc; path = OneSignalJailbreakDetection.m; sourceTree = "<group>"; };
		91C357E61E4D7491003565EB /* OneSignalMobileProvision.h */ = {isa = PBXFileReference; fileEncoding = 4; lastKnownFileType = sourcecode.c.h; path = OneSignalMobileProvision.h; sourceTree = "<group>"; };
		91C357E71E4D7491003565EB /* OneSignalMobileProvision.m */ = {isa = PBXFileReference; fileEncoding = 4; lastKnownFileType = sourcecode.c.objc; path = OneSignalMobileProvision.m; sourceTree = "<group>"; };
		91C357E91E4D7491003565EB /* OneSignalReachability.h */ = {isa = PBXFileReference; fileEncoding = 4; lastKnownFileType = sourcecode.c.h; path = OneSignalReachability.h; sourceTree = "<group>"; };
		91C357EA1E4D7491003565EB /* OneSignalReachability.m */ = {isa = PBXFileReference; fileEncoding = 4; lastKnownFileType = sourcecode.c.objc; path = OneSignalReachability.m; sourceTree = "<group>"; };
		91C357EB1E4D7491003565EB /* OneSignalTracker.h */ = {isa = PBXFileReference; fileEncoding = 4; lastKnownFileType = sourcecode.c.h; path = OneSignalTracker.h; sourceTree = "<group>"; };
		91C357EC1E4D7491003565EB /* OneSignalTracker.m */ = {isa = PBXFileReference; fileEncoding = 4; lastKnownFileType = sourcecode.c.objc; path = OneSignalTracker.m; sourceTree = "<group>"; };
		91C357ED1E4D7491003565EB /* OneSignalWebView.h */ = {isa = PBXFileReference; fileEncoding = 4; lastKnownFileType = sourcecode.c.h; path = OneSignalWebView.h; sourceTree = "<group>"; };
		91C357EE1E4D7491003565EB /* OneSignalWebView.m */ = {isa = PBXFileReference; fileEncoding = 4; lastKnownFileType = sourcecode.c.objc; path = OneSignalWebView.m; sourceTree = "<group>"; };
		FD2CCC841C772B4200B2B24E /* SystemConfiguration.framework */ = {isa = PBXFileReference; lastKnownFileType = wrapper.framework; name = SystemConfiguration.framework; path = Platforms/iPhoneOS.platform/Developer/SDKs/iPhoneOS.sdk/System/Library/Frameworks/SystemConfiguration.framework; sourceTree = DEVELOPER_DIR; };
		FDB40CC21C5E4E5500CBF09B /* RCTOneSignal.h */ = {isa = PBXFileReference; fileEncoding = 4; lastKnownFileType = sourcecode.c.h; path = RCTOneSignal.h; sourceTree = "<group>"; };
		FDB40CC31C5E4E5500CBF09B /* RCTOneSignal.m */ = {isa = PBXFileReference; fileEncoding = 4; lastKnownFileType = sourcecode.c.objc; path = RCTOneSignal.m; sourceTree = "<group>"; };
/* End PBXFileReference section */

/* Begin PBXFrameworksBuildPhase section */
		3245CDEA1BFEE35C00EABF68 /* Frameworks */ = {
			isa = PBXFrameworksBuildPhase;
			buildActionMask = 2147483647;
			files = (
				FD2CCC851C772B4200B2B24E /* SystemConfiguration.framework in Frameworks */,
			);
			runOnlyForDeploymentPostprocessing = 0;
		};
/* End PBXFrameworksBuildPhase section */

/* Begin PBXGroup section */
		3245CDE41BFEE35C00EABF68 = {
			isa = PBXGroup;
			children = (
				FD2CCC841C772B4200B2B24E /* SystemConfiguration.framework */,
				91C357CD1E4D7491003565EB /* OneSignalNativeSDK */,
				3245CDEF1BFEE35C00EABF68 /* RCTOneSignal */,
				3245CDEE1BFEE35C00EABF68 /* Products */,
			);
			sourceTree = "<group>";
		};
		3245CDEE1BFEE35C00EABF68 /* Products */ = {
			isa = PBXGroup;
			children = (
				3245CDED1BFEE35C00EABF68 /* libRCTOneSignal.a */,
			);
			name = Products;
			sourceTree = "<group>";
		};
		3245CDEF1BFEE35C00EABF68 /* RCTOneSignal */ = {
			isa = PBXGroup;
			children = (
				FDB40CC21C5E4E5500CBF09B /* RCTOneSignal.h */,
				FDB40CC31C5E4E5500CBF09B /* RCTOneSignal.m */,
			);
			path = RCTOneSignal;
			sourceTree = "<group>";
		};
		91C357CD1E4D7491003565EB /* OneSignalNativeSDK */ = {
			isa = PBXGroup;
			children = (
				91C357CE1E4D7491003565EB /* OneSignal */,
				91C357E21E4D7491003565EB /* OneSignalJailbreakDettection */,
				91C357E51E4D7491003565EB /* OneSignalMobileProvision */,
				91C357E81E4D7491003565EB /* OneSignalReachability */,
				91C357EB1E4D7491003565EB /* OneSignalTracker.h */,
				91C357EC1E4D7491003565EB /* OneSignalTracker.m */,
				91C357ED1E4D7491003565EB /* OneSignalWebView.h */,
				91C357EE1E4D7491003565EB /* OneSignalWebView.m */,
			);
			path = OneSignalNativeSDK;
			sourceTree = "<group>";
		};
		91C357CE1E4D7491003565EB /* OneSignal */ = {
			isa = PBXGroup;
			children = (
				91C357CF1E4D7491003565EB /* OneSignal-Prefix.pch */,
				91C357D01E4D7491003565EB /* OneSignal.h */,
				91C357D11E4D7491003565EB /* OneSignal.m */,
				91C357D21E4D7491003565EB /* OneSignalAlertViewDelegate.h */,
				91C357D31E4D7491003565EB /* OneSignalAlertViewDelegate.m */,
				91C357D41E4D7491003565EB /* OneSignalHelper.h */,
				91C357D51E4D7491003565EB /* OneSignalHelper.m */,
				91C357D61E4D7491003565EB /* OneSignalHTTPClient.h */,
				91C357D71E4D7491003565EB /* OneSignalHTTPClient.m */,
				91C357D81E4D7491003565EB /* OneSignalLocation.h */,
				91C357D91E4D7491003565EB /* OneSignalLocation.m */,
				91C357DA1E4D7491003565EB /* OneSignalSelectorHelpers.h */,
				91C357DB1E4D7491003565EB /* OneSignalSelectorHelpers.m */,
				91C357DC1E4D7491003565EB /* OneSignalTrackIAP.h */,
				91C357DD1E4D7491003565EB /* OneSignalTrackIAP.m */,
				91C357DE1E4D7491003565EB /* UIApplicationDelegate+OneSignal.h */,
				91C357DF1E4D7491003565EB /* UIApplicationDelegate+OneSignal.m */,
				91C357E01E4D7491003565EB /* UNUserNotificationCenter+OneSignal.h */,
				91C357E11E4D7491003565EB /* UNUserNotificationCenter+OneSignal.m */,
			);
			path = OneSignal;
			sourceTree = "<group>";
		};
		91C357E21E4D7491003565EB /* OneSignalJailbreakDettection */ = {
			isa = PBXGroup;
			children = (
				91C357E31E4D7491003565EB /* OneSignalJailbreakDetection.h */,
				91C357E41E4D7491003565EB /* OneSignalJailbreakDetection.m */,
			);
			path = OneSignalJailbreakDettection;
			sourceTree = "<group>";
		};
		91C357E51E4D7491003565EB /* OneSignalMobileProvision */ = {
			isa = PBXGroup;
			children = (
				91C357E61E4D7491003565EB /* OneSignalMobileProvision.h */,
				91C357E71E4D7491003565EB /* OneSignalMobileProvision.m */,
			);
			path = OneSignalMobileProvision;
			sourceTree = "<group>";
		};
		91C357E81E4D7491003565EB /* OneSignalReachability */ = {
			isa = PBXGroup;
			children = (
				91C357E91E4D7491003565EB /* OneSignalReachability.h */,
				91C357EA1E4D7491003565EB /* OneSignalReachability.m */,
			);
			path = OneSignalReachability;
			sourceTree = "<group>";
		};
/* End PBXGroup section */

/* Begin PBXNativeTarget section */
		3245CDEC1BFEE35C00EABF68 /* RCTOneSignal */ = {
			isa = PBXNativeTarget;
			buildConfigurationList = 3245CE011BFEE35C00EABF68 /* Build configuration list for PBXNativeTarget "RCTOneSignal" */;
			buildPhases = (
				3245CDE91BFEE35C00EABF68 /* Sources */,
				3245CDEA1BFEE35C00EABF68 /* Frameworks */,
				3245CDEB1BFEE35C00EABF68 /* CopyFiles */,
			);
			buildRules = (
			);
			dependencies = (
			);
			name = RCTOneSignal;
			productName = RCTOneSignal;
			productReference = 3245CDED1BFEE35C00EABF68 /* libRCTOneSignal.a */;
			productType = "com.apple.product-type.library.static";
		};
/* End PBXNativeTarget section */

/* Begin PBXProject section */
		3245CDE51BFEE35C00EABF68 /* Project object */ = {
			isa = PBXProject;
			attributes = {
				LastUpgradeCheck = 0730;
				ORGANIZATIONNAME = "";
				TargetAttributes = {
					3245CDEC1BFEE35C00EABF68 = {
						CreatedOnToolsVersion = 6.4;
					};
				};
			};
			buildConfigurationList = 3245CDE81BFEE35C00EABF68 /* Build configuration list for PBXProject "RCTOneSignal" */;
			compatibilityVersion = "Xcode 3.2";
			developmentRegion = English;
			hasScannedForEncodings = 0;
			knownRegions = (
				en,
			);
			mainGroup = 3245CDE41BFEE35C00EABF68;
			productRefGroup = 3245CDEE1BFEE35C00EABF68 /* Products */;
			projectDirPath = "";
			projectRoot = "";
			targets = (
				3245CDEC1BFEE35C00EABF68 /* RCTOneSignal */,
			);
		};
/* End PBXProject section */

/* Begin PBXSourcesBuildPhase section */
		3245CDE91BFEE35C00EABF68 /* Sources */ = {
			isa = PBXSourcesBuildPhase;
			buildActionMask = 2147483647;
			files = (
				91C357F11E4D7491003565EB /* OneSignalHelper.m in Sources */,
				91C357EF1E4D7491003565EB /* OneSignal.m in Sources */,
				FDB40CC41C5E4E5500CBF09B /* RCTOneSignal.m in Sources */,
				91C357F21E4D7491003565EB /* OneSignalHTTPClient.m in Sources */,
				91C357F61E4D7491003565EB /* UIApplicationDelegate+OneSignal.m in Sources */,
				91C357F81E4D7491003565EB /* OneSignalJailbreakDetection.m in Sources */,
				91C357F91E4D7491003565EB /* OneSignalMobileProvision.m in Sources */,
				91C357FB1E4D7491003565EB /* OneSignalTracker.m in Sources */,
				91C357FA1E4D7491003565EB /* OneSignalReachability.m in Sources */,
				91C357FC1E4D7491003565EB /* OneSignalWebView.m in Sources */,
				91C357F01E4D7491003565EB /* OneSignalAlertViewDelegate.m in Sources */,
				91C357F51E4D7491003565EB /* OneSignalTrackIAP.m in Sources */,
				91C357F31E4D7491003565EB /* OneSignalLocation.m in Sources */,
				91C357F71E4D7491003565EB /* UNUserNotificationCenter+OneSignal.m in Sources */,
				91C357F41E4D7491003565EB /* OneSignalSelectorHelpers.m in Sources */,
			);
			runOnlyForDeploymentPostprocessing = 0;
		};
/* End PBXSourcesBuildPhase section */

/* Begin XCBuildConfiguration section */
		3245CDFF1BFEE35C00EABF68 /* Debug */ = {
			isa = XCBuildConfiguration;
			buildSettings = {
				CLANG_CXX_LANGUAGE_STANDARD = "gnu++0x";
				CLANG_CXX_LIBRARY = "libc++";
				CLANG_ENABLE_MODULES = YES;
				CLANG_ENABLE_OBJC_ARC = YES;
				CLANG_WARN_BOOL_CONVERSION = YES;
				CLANG_WARN_CONSTANT_CONVERSION = YES;
				CLANG_WARN_DIRECT_OBJC_ISA_USAGE = YES_ERROR;
				CLANG_WARN_EMPTY_BODY = YES;
				CLANG_WARN_ENUM_CONVERSION = YES;
				CLANG_WARN_INT_CONVERSION = YES;
				CLANG_WARN_OBJC_ROOT_CLASS = YES_ERROR;
				CLANG_WARN_UNREACHABLE_CODE = YES;
				CLANG_WARN__DUPLICATE_METHOD_MATCH = YES;
				COPY_PHASE_STRIP = NO;
				DEBUG_INFORMATION_FORMAT = "dwarf-with-dsym";
				ENABLE_STRICT_OBJC_MSGSEND = YES;
				ENABLE_TESTABILITY = YES;
				FRAMEWORK_SEARCH_PATHS = "$(SRCROOT)/Frameworks";
				GCC_C_LANGUAGE_STANDARD = gnu99;
				GCC_DYNAMIC_NO_PIC = NO;
				GCC_NO_COMMON_BLOCKS = YES;
				GCC_OPTIMIZATION_LEVEL = 0;
				GCC_PREPROCESSOR_DEFINITIONS = (
					"DEBUG=1",
					"$(inherited)",
				);
				GCC_SYMBOLS_PRIVATE_EXTERN = NO;
				GCC_WARN_64_TO_32_BIT_CONVERSION = YES;
				GCC_WARN_ABOUT_RETURN_TYPE = YES_ERROR;
				GCC_WARN_UNDECLARED_SELECTOR = YES;
				GCC_WARN_UNINITIALIZED_AUTOS = YES_AGGRESSIVE;
				GCC_WARN_UNUSED_FUNCTION = YES;
				GCC_WARN_UNUSED_VARIABLE = YES;
				HEADER_SEARCH_PATHS = "";
				IPHONEOS_DEPLOYMENT_TARGET = 7.0;
				MTL_ENABLE_DEBUG_INFO = YES;
				ONLY_ACTIVE_ARCH = YES;
				SDKROOT = iphoneos;
			};
			name = Debug;
		};
		3245CE001BFEE35C00EABF68 /* Release */ = {
			isa = XCBuildConfiguration;
			buildSettings = {
				CLANG_CXX_LANGUAGE_STANDARD = "gnu++0x";
				CLANG_CXX_LIBRARY = "libc++";
				CLANG_ENABLE_MODULES = YES;
				CLANG_ENABLE_OBJC_ARC = YES;
				CLANG_WARN_BOOL_CONVERSION = YES;
				CLANG_WARN_CONSTANT_CONVERSION = YES;
				CLANG_WARN_DIRECT_OBJC_ISA_USAGE = YES_ERROR;
				CLANG_WARN_EMPTY_BODY = YES;
				CLANG_WARN_ENUM_CONVERSION = YES;
				CLANG_WARN_INT_CONVERSION = YES;
				CLANG_WARN_OBJC_ROOT_CLASS = YES_ERROR;
				CLANG_WARN_UNREACHABLE_CODE = YES;
				CLANG_WARN__DUPLICATE_METHOD_MATCH = YES;
				COPY_PHASE_STRIP = NO;
				DEBUG_INFORMATION_FORMAT = "dwarf-with-dsym";
				ENABLE_NS_ASSERTIONS = NO;
				ENABLE_STRICT_OBJC_MSGSEND = YES;
				FRAMEWORK_SEARCH_PATHS = "$(SRCROOT)/Frameworks";
				GCC_C_LANGUAGE_STANDARD = gnu99;
				GCC_NO_COMMON_BLOCKS = YES;
				GCC_WARN_64_TO_32_BIT_CONVERSION = YES;
				GCC_WARN_ABOUT_RETURN_TYPE = YES_ERROR;
				GCC_WARN_UNDECLARED_SELECTOR = YES;
				GCC_WARN_UNINITIALIZED_AUTOS = YES_AGGRESSIVE;
				GCC_WARN_UNUSED_FUNCTION = YES;
				GCC_WARN_UNUSED_VARIABLE = YES;
				HEADER_SEARCH_PATHS = "";
				IPHONEOS_DEPLOYMENT_TARGET = 7.0;
				MTL_ENABLE_DEBUG_INFO = NO;
				SDKROOT = iphoneos;
				VALIDATE_PRODUCT = YES;
			};
			name = Release;
		};
		3245CE021BFEE35C00EABF68 /* Debug */ = {
			isa = XCBuildConfiguration;
			buildSettings = {
				FRAMEWORK_SEARCH_PATHS = (
					"$(inherited)",
					"$(PROJECT_DIR)/Frameworks",
				);
				HEADER_SEARCH_PATHS = (
					"$(inherited)",
					/Applications/Xcode.app/Contents/Developer/Toolchains/XcodeDefault.xctoolchain/usr/include,
					"$(SRCROOT)/../../react-native/React/**",
				);
				OTHER_LDFLAGS = "-ObjC";
				PRODUCT_NAME = "$(TARGET_NAME)";
				SKIP_INSTALL = YES;
			};
			name = Debug;
		};
		3245CE031BFEE35C00EABF68 /* Release */ = {
			isa = XCBuildConfiguration;
			buildSettings = {
				FRAMEWORK_SEARCH_PATHS = (
					"$(inherited)",
					"$(PROJECT_DIR)/Frameworks",
				);
				HEADER_SEARCH_PATHS = (
					"$(inherited)",
					/Applications/Xcode.app/Contents/Developer/Toolchains/XcodeDefault.xctoolchain/usr/include,
					"$(SRCROOT)/../../react-native/React/**",
				);
				OTHER_LDFLAGS = "-ObjC";
				PRODUCT_NAME = "$(TARGET_NAME)";
				SKIP_INSTALL = YES;
			};
			name = Release;
		};
/* End XCBuildConfiguration section */

/* Begin XCConfigurationList section */
		3245CDE81BFEE35C00EABF68 /* Build configuration list for PBXProject "RCTOneSignal" */ = {
			isa = XCConfigurationList;
			buildConfigurations = (
				3245CDFF1BFEE35C00EABF68 /* Debug */,
				3245CE001BFEE35C00EABF68 /* Release */,
			);
			defaultConfigurationIsVisible = 0;
			defaultConfigurationName = Release;
		};
		3245CE011BFEE35C00EABF68 /* Build configuration list for PBXNativeTarget "RCTOneSignal" */ = {
			isa = XCConfigurationList;
			buildConfigurations = (
				3245CE021BFEE35C00EABF68 /* Debug */,
				3245CE031BFEE35C00EABF68 /* Release */,
			);
			defaultConfigurationIsVisible = 0;
			defaultConfigurationName = Release;
		};
/* End XCConfigurationList section */
	};
	rootObject = 3245CDE51BFEE35C00EABF68 /* Project object */;
}
